
Microsoft Visual Studio Solution File, Format Version 12.00
# Visual Studio 2012
Project("{FAE04EC0-301F-11D3-BF4B-00C04F79EFBC}") = "ConsoleApplication1", "ConsoleApplication1\ConsoleApplication1.csproj", "{CD18312F-D9B9-466A-8C3B-CB804B302092}"
EndProject
Project("{FAE04EC0-301F-11D3-BF4B-00C04F79EFBC}") = "WindowsFormsApplication1", "WindowsFormsApplication1\WindowsFormsApplication1.csproj", "{0784B03E-0E55-4B13-92AE-3595371CBD31}"
EndProject
Global
	GlobalSection(SolutionConfigurationPlatforms) = preSolution
		Debug|Any CPU = Debug|Any CPU
		Release|Any CPU = Release|Any CPU
	EndGlobalSection
	GlobalSection(ProjectConfigurationPlatforms) = postSolution
		{CD18312F-D9B9-466A-8C3B-CB804B302092}.Debug|Any CPU.ActiveCfg = Debug|Any CPU
		{CD18312F-D9B9-466A-8C3B-CB804B302092}.Debug|Any CPU.Build.0 = Debug|Any CPU
		{CD18312F-D9B9-466A-8C3B-CB804B302092}.Release|Any CPU.ActiveCfg = Release|Any CPU
		{CD18312F-D9B9-466A-8C3B-CB804B302092}.Release|Any CPU.Build.0 = Release|Any CPU
		{0784B03E-0E55-4B13-92AE-3595371CBD31}.Debug|Any CPU.ActiveCfg = Debug|Any CPU
		{0784B03E-0E55-4B13-92AE-3595371CBD31}.Debug|Any CPU.Build.0 = Debug|Any CPU
		{0784B03E-0E55-4B13-92AE-3595371CBD31}.Release|Any CPU.ActiveCfg = Release|Any CPU
		{0784B03E-0E55-4B13-92AE-3595371CBD31}.Release|Any CPU.Build.0 = Release|Any CPU
	EndGlobalSection
	GlobalSection(SolutionProperties) = preSolution
		HideSolutionNode = FALSE
	EndGlobalSection
EndGlobal
